
Microsoft Visual Studio Solution File, Format Version 12.00
# Visual Studio Version 16
VisualStudioVersion = 16.0.29709.97
MinimumVisualStudioVersion = 10.0.40219.1
Project("{FAE04EC0-301F-11D3-BF4B-00C04F79EFBC}") = "APP", "APP\APP.csproj", "{C5D3BCC0-8971-4BD5-83F2-5C699D5C8C14}"
EndProject
Global
	GlobalSection(SolutionConfigurationPlatforms) = preSolution
		Debug|Any CPU = Debug|Any CPU
		Release|Any CPU = Release|Any CPU
	EndGlobalSection
	GlobalSection(ProjectConfigurationPlatforms) = postSolution
		{C5D3BCC0-8971-4BD5-83F2-5C699D5C8C14}.Debug|Any CPU.ActiveCfg = Debug|Any CPU
		{C5D3BCC0-8971-4BD5-83F2-5C699D5C8C14}.Debug|Any CPU.Build.0 = Debug|Any CPU
		{C5D3BCC0-8971-4BD5-83F2-5C699D5C8C14}.Release|Any CPU.ActiveCfg = Release|Any CPU
		{C5D3BCC0-8971-4BD5-83F2-5C699D5C8C14}.Release|Any CPU.Build.0 = Release|Any CPU
	EndGlobalSection
	GlobalSection(SolutionProperties) = preSolution
		HideSolutionNode = FALSE
	EndGlobalSection
	GlobalSection(ExtensibilityGlobals) = postSolution
		SolutionGuid = {ABDCFD68-34E5-476F-9F28-EE89A7944C4D}
	EndGlobalSection
EndGlobal
